
Microsoft Visual Studio Solution File, Format Version 12.00
# Visual Studio Version 17
VisualStudioVersion = 17.2.32505.173
MinimumVisualStudioVersion = 10.0.40219.1
Project("{FAE04EC0-301F-11D3-BF4B-00C04F79EFBC}") = "XlsObserve", "XlsObserve\XlsObserve.csproj", "{229C796F-833E-418A-BA11-D8F36CA5CFA4}"
EndProject
Global
	GlobalSection(SolutionConfigurationPlatforms) = preSolution
		Debug|Any CPU = Debug|Any CPU
		Release|Any CPU = Release|Any CPU
	EndGlobalSection
	GlobalSection(ProjectConfigurationPlatforms) = postSolution
		{229C796F-833E-418A-BA11-D8F36CA5CFA4}.Debug|Any CPU.ActiveCfg = Debug|Any CPU
		{229C796F-833E-418A-BA11-D8F36CA5CFA4}.Debug|Any CPU.Build.0 = Debug|Any CPU
		{229C796F-833E-418A-BA11-D8F36CA5CFA4}.Release|Any CPU.ActiveCfg = Release|Any CPU
		{229C796F-833E-418A-BA11-D8F36CA5CFA4}.Release|Any CPU.Build.0 = Release|Any CPU
	EndGlobalSection
	GlobalSection(SolutionProperties) = preSolution
		HideSolutionNode = FALSE
	EndGlobalSection
	GlobalSection(ExtensibilityGlobals) = postSolution
		SolutionGuid = {23C91137-79CF-4BF4-8B36-E3C96B638A07}
	EndGlobalSection
EndGlobal
